PODS:
  - boost (1.76.0)
  - BVLinearGradient (2.8.3):
    - React-Core
  - CocoaAsyncSocket (7.6.5)
  - DoubleConversion (1.1.6)
  - FBLazyVector (0.71.5)
  - FBReactNativeSpec (0.71.5):
    - RCT-Folly (= 2021.07.22.00)
    - RCTRequired (= 0.71.5)
    - RCTTypeSafety (= 0.71.5)
    - React-Core (= 0.71.5)
    - React-jsi (= 0.71.5)
    - ReactCommon/turbomodule/core (= 0.71.5)
  - Flipper (0.125.0):
    - Flipper-Folly (~> 2.6)
    - Flipper-RSocket (~> 1.4)
  - Flipper-Boost-iOSX (1.76.0.1.11)
  - Flipper-DoubleConversion (3.2.0.1)
  - Flipper-Fmt (7.1.7)
  - Flipper-Folly (2.6.10):
    - Flipper-Boost-iOSX
    - Flipper-DoubleConversion
    - Flipper-Fmt (= 7.1.7)
    - Flipper-Glog
    - libevent (~> 2.1.12)
    - OpenSSL-Universal (= 1.1.1100)
  - Flipper-Glog (0.5.0.5)
  - Flipper-PeerTalk (0.0.4)
  - Flipper-RSocket (1.4.3):
    - Flipper-Folly (~> 2.6)
  - FlipperKit (0.125.0):
    - FlipperKit/Core (= 0.125.0)
  - FlipperKit/Core (0.125.0):
    - Flipper (~> 0.125.0)
    - FlipperKit/CppBridge
    - FlipperKit/FBCxxFollyDynamicConvert
    - FlipperKit/FBDefines
    - FlipperKit/FKPortForwarding
    - SocketRocket (~> 0.6.0)
  - FlipperKit/CppBridge (0.125.0):
    - Flipper (~> 0.125.0)
  - FlipperKit/FBCxxFollyDynamicConvert (0.125.0):
    - Flipper-Folly (~> 2.6)
  - FlipperKit/FBDefines (0.125.0)
  - FlipperKit/FKPortForwarding (0.125.0):
    - CocoaAsyncSocket (~> 7.6)
    - Flipper-PeerTalk (~> 0.0.4)
  - FlipperKit/FlipperKitHighlightOverlay (0.125.0)
  - FlipperKit/FlipperKitLayoutHelpers (0.125.0):
    - FlipperKit/Core
    - FlipperKit/FlipperKitHighlightOverlay
    - FlipperKit/FlipperKitLayoutTextSearchable
  - FlipperKit/FlipperKitLayoutIOSDescriptors (0.125.0):
    - FlipperKit/Core
    - FlipperKit/FlipperKitHighlightOverlay
    - FlipperKit/FlipperKitLayoutHelpers
    - YogaKit (~> 1.18)
  - FlipperKit/FlipperKitLayoutPlugin (0.125.0):
    - FlipperKit/Core
    - FlipperKit/FlipperKitHighlightOverlay
    - FlipperKit/FlipperKitLayoutHelpers
    - FlipperKit/FlipperKitLayoutIOSDescriptors
    - FlipperKit/FlipperKitLayoutTextSearchable
    - YogaKit (~> 1.18)
  - FlipperKit/FlipperKitLayoutTextSearchable (0.125.0)
  - FlipperKit/FlipperKitNetworkPlugin (0.125.0):
    - FlipperKit/Core
  - FlipperKit/FlipperKitReactPlugin (0.125.0):
    - FlipperKit/Core
  - FlipperKit/FlipperKitUserDefaultsPlugin (0.125.0):
    - FlipperKit/Core
  - FlipperKit/SKIOSNetworkPlugin (0.125.0):
    - FlipperKit/Core
    - FlipperKit/FlipperKitNetworkPlugin
  - fmt (6.2.1)
  - glog (0.3.5)
  - hermes-engine (0.71.5):
    - hermes-engine/Pre-built (= 0.71.5)
  - hermes-engine/Pre-built (0.71.5)
  - libevent (2.1.12)
  - OpenSSL-Universal (1.1.1100)
  - RCT-Folly (2021.07.22.00):
    - boost
    - DoubleConversion
    - fmt (~> 6.2.1)
    - glog
    - RCT-Folly/Default (= 2021.07.22.00)
  - RCT-Folly/Default (2021.07.22.00):
    - boost
    - DoubleConversion
    - fmt (~> 6.2.1)
    - glog
  - RCT-Folly/Futures (2021.07.22.00):
    - boost
    - DoubleConversion
    - fmt (~> 6.2.1)
    - glog
    - libevent
  - RCTRequired (0.71.5)
  - RCTTypeSafety (0.71.5):
    - FBLazyVector (= 0.71.5)
    - RCTRequired (= 0.71.5)
    - React-Core (= 0.71.5)
  - React (0.71.5):
    - React-Core (= 0.71.5)
    - React-Core/DevSupport (= 0.71.5)
    - React-Core/RCTWebSocket (= 0.71.5)
    - React-RCTActionSheet (= 0.71.5)
    - React-RCTAnimation (= 0.71.5)
    - React-RCTBlob (= 0.71.5)
    - React-RCTImage (= 0.71.5)
    - React-RCTLinking (= 0.71.5)
    - React-RCTNetwork (= 0.71.5)
    - React-RCTSettings (= 0.71.5)
    - React-RCTText (= 0.71.5)
    - React-RCTVibration (= 0.71.5)
  - React-callinvoker (0.71.5)
  - React-Codegen (0.71.5):
    - FBReactNativeSpec
    - hermes-engine
    - RCT-Folly
    - RCTRequired
    - RCTTypeSafety
    - React-Core
    - React-jsi
    - React-jsiexecutor
    - ReactCommon/turbomodule/bridging
    - ReactCommon/turbomodule/core
  - React-Core (0.71.5):
    - glog
    - hermes-engine
    - RCT-Folly (= 2021.07.22.00)
    - React-Core/Default (= 0.71.5)
    - React-cxxreact (= 0.71.5)
    - React-hermes
    - React-jsi (= 0.71.5)
    - React-jsiexecutor (= 0.71.5)
    - React-perflogger (= 0.71.5)
    - Yoga
  - React-Core/CoreModulesHeaders (0.71.5):
    - glog
    - hermes-engine
    - RCT-Folly (= 2021.07.22.00)
    - React-Core/Default
    - React-cxxreact (= 0.71.5)
    - React-hermes
    - React-jsi (= 0.71.5)
    - React-jsiexecutor (= 0.71.5)
    - React-perflogger (= 0.71.5)
    - Yoga
  - React-Core/Default (0.71.5):
    - glog
    - hermes-engine
    - RCT-Folly (= 2021.07.22.00)
    - React-cxxreact (= 0.71.5)
    - React-hermes
    - React-jsi (= 0.71.5)
    - React-jsiexecutor (= 0.71.5)
    - React-perflogger (= 0.71.5)
    - Yoga
  - React-Core/DevSupport (0.71.5):
    - glog
    - hermes-engine
    - RCT-Folly (= 2021.07.22.00)
    - React-Core/Default (= 0.71.5)
    - React-Core/RCTWebSocket (= 0.71.5)
    - React-cxxreact (= 0.71.5)
    - React-hermes
    - React-jsi (= 0.71.5)
    - React-jsiexecutor (= 0.71.5)
    - React-jsinspector (= 0.71.5)
    - React-perflogger (= 0.71.5)
    - Yoga
  - React-Core/RCTActionSheetHeaders (0.71.5):
    - glog
    - hermes-engine
    - RCT-Folly (= 2021.07.22.00)
    - React-Core/Default
    - React-cxxreact (= 0.71.5)
    - React-hermes
    - React-jsi (= 0.71.5)
    - React-jsiexecutor (= 0.71.5)
    - React-perflogger (= 0.71.5)
    - Yoga
  - React-Core/RCTAnimationHeaders (0.71.5):
    - glog
    - hermes-engine
    - RCT-Folly (= 2021.07.22.00)
    - React-Core/Default
    - React-cxxreact (= 0.71.5)
    - React-hermes
    - React-jsi (= 0.71.5)
    - React-jsiexecutor (= 0.71.5)
    - React-perflogger (= 0.71.5)
    - Yoga
  - React-Core/RCTBlobHeaders (0.71.5):
    - glog
    - hermes-engine
    - RCT-Folly (= 2021.07.22.00)
    - React-Core/Default
    - React-cxxreact (= 0.71.5)
    - React-hermes
    - React-jsi (= 0.71.5)
    - React-jsiexecutor (= 0.71.5)
    - React-perflogger (= 0.71.5)
    - Yoga
  - React-Core/RCTImageHeaders (0.71.5):
    - glog
    - hermes-engine
    - RCT-Folly (= 2021.07.22.00)
    - React-Core/Default
    - React-cxxreact (= 0.71.5)
    - React-hermes
    - React-jsi (= 0.71.5)
    - React-jsiexecutor (= 0.71.5)
    - React-perflogger (= 0.71.5)
    - Yoga
  - React-Core/RCTLinkingHeaders (0.71.5):
    - glog
    - hermes-engine
    - RCT-Folly (= 2021.07.22.00)
    - React-Core/Default
    - React-cxxreact (= 0.71.5)
    - React-hermes
    - React-jsi (= 0.71.5)
    - React-jsiexecutor (= 0.71.5)
    - React-perflogger (= 0.71.5)
    - Yoga
  - React-Core/RCTNetworkHeaders (0.71.5):
    - glog
    - hermes-engine
    - RCT-Folly (= 2021.07.22.00)
    - React-Core/Default
    - React-cxxreact (= 0.71.5)
    - React-hermes
    - React-jsi (= 0.71.5)
    - React-jsiexecutor (= 0.71.5)
    - React-perflogger (= 0.71.5)
    - Yoga
  - React-Core/RCTSettingsHeaders (0.71.5):
    - glog
    - hermes-engine
    - RCT-Folly (= 2021.07.22.00)
    - React-Core/Default
    - React-cxxreact (= 0.71.5)
    - React-hermes
    - React-jsi (= 0.71.5)
    - React-jsiexecutor (= 0.71.5)
    - React-perflogger (= 0.71.5)
    - Yoga
  - React-Core/RCTTextHeaders (0.71.5):
    - glog
    - hermes-engine
    - RCT-Folly (= 2021.07.22.00)
    - React-Core/Default
    - React-cxxreact (= 0.71.5)
    - React-hermes
    - React-jsi (= 0.71.5)
    - React-jsiexecutor (= 0.71.5)
    - React-perflogger (= 0.71.5)
    - Yoga
  - React-Core/RCTVibrationHeaders (0.71.5):
    - glog
    - hermes-engine
    - RCT-Folly (= 2021.07.22.00)
    - React-Core/Default
    - React-cxxreact (= 0.71.5)
    - React-hermes
    - React-jsi (= 0.71.5)
    - React-jsiexecutor (= 0.71.5)
    - React-perflogger (= 0.71.5)
    - Yoga
  - React-Core/RCTWebSocket (0.71.5):
    - glog
    - hermes-engine
    - RCT-Folly (= 2021.07.22.00)
    - React-Core/Default (= 0.71.5)
    - React-cxxreact (= 0.71.5)
    - React-hermes
    - React-jsi (= 0.71.5)
    - React-jsiexecutor (= 0.71.5)
    - React-perflogger (= 0.71.5)
    - Yoga
  - React-CoreModules (0.71.5):
    - RCT-Folly (= 2021.07.22.00)
    - RCTTypeSafety (= 0.71.5)
    - React-Codegen (= 0.71.5)
    - React-Core/CoreModulesHeaders (= 0.71.5)
    - React-jsi (= 0.71.5)
    - React-RCTBlob
    - React-RCTImage (= 0.71.5)
    - ReactCommon/turbomodule/core (= 0.71.5)
  - React-cxxreact (0.71.5):
    - boost (= 1.76.0)
    - DoubleConversion
    - glog
    - hermes-engine
    - RCT-Folly (= 2021.07.22.00)
    - React-callinvoker (= 0.71.5)
    - React-jsi (= 0.71.5)
    - React-jsinspector (= 0.71.5)
    - React-logger (= 0.71.5)
    - React-perflogger (= 0.71.5)
    - React-runtimeexecutor (= 0.71.5)
  - React-hermes (0.71.5):
    - DoubleConversion
    - glog
    - hermes-engine
    - RCT-Folly (= 2021.07.22.00)
    - RCT-Folly/Futures (= 2021.07.22.00)
    - React-cxxreact (= 0.71.5)
    - React-jsi
    - React-jsiexecutor (= 0.71.5)
    - React-jsinspector (= 0.71.5)
    - React-perflogger (= 0.71.5)
  - React-jsi (0.71.5):
    - boost (= 1.76.0)
    - DoubleConversion
    - glog
    - hermes-engine
    - RCT-Folly (= 2021.07.22.00)
  - React-jsiexecutor (0.71.5):
    - DoubleConversion
    - glog
    - hermes-engine
    - RCT-Folly (= 2021.07.22.00)
    - React-cxxreact (= 0.71.5)
    - React-jsi (= 0.71.5)
    - React-perflogger (= 0.71.5)
  - React-jsinspector (0.71.5)
  - React-logger (0.71.5):
    - glog
  - react-native-blur (4.4.1):
    - RCT-Folly (= 2021.07.22.00)
    - React-Core
  - react-native-nfc-manager (3.16.1):
    - React-Core
  - react-native-safe-area-context (4.14.1):
    - React-Core
  - react-native-slider (4.5.7):
    - RCT-Folly (= 2021.07.22.00)
    - React-Core
  - react-native-splash-screen (3.3.0):
    - React-Core
  - react-native-view-shot (4.0.3):
    - RCT-Folly (= 2021.07.22.00)
    - React-Core
  - React-perflogger (0.71.5)
  - React-RCTActionSheet (0.71.5):
    - React-Core/RCTActionSheetHeaders (= 0.71.5)
  - React-RCTAnimation (0.71.5):
    - RCT-Folly (= 2021.07.22.00)
    - RCTTypeSafety (= 0.71.5)
    - React-Codegen (= 0.71.5)
    - React-Core/RCTAnimationHeaders (= 0.71.5)
    - React-jsi (= 0.71.5)
    - ReactCommon/turbomodule/core (= 0.71.5)
  - React-RCTAppDelegate (0.71.5):
    - RCT-Folly
    - RCTRequired
    - RCTTypeSafety
    - React-Core
    - ReactCommon/turbomodule/core
  - React-RCTBlob (0.71.5):
    - hermes-engine
    - RCT-Folly (= 2021.07.22.00)
    - React-Codegen (= 0.71.5)
    - React-Core/RCTBlobHeaders (= 0.71.5)
    - React-Core/RCTWebSocket (= 0.71.5)
    - React-jsi (= 0.71.5)
    - React-RCTNetwork (= 0.71.5)
    - ReactCommon/turbomodule/core (= 0.71.5)
  - React-RCTImage (0.71.5):
    - RCT-Folly (= 2021.07.22.00)
    - RCTTypeSafety (= 0.71.5)
    - React-Codegen (= 0.71.5)
    - React-Core/RCTImageHeaders (= 0.71.5)
    - React-jsi (= 0.71.5)
    - React-RCTNetwork (= 0.71.5)
    - ReactCommon/turbomodule/core (= 0.71.5)
  - React-RCTLinking (0.71.5):
    - React-Codegen (= 0.71.5)
    - React-Core/RCTLinkingHeaders (= 0.71.5)
    - React-jsi (= 0.71.5)
    - ReactCommon/turbomodule/core (= 0.71.5)
  - React-RCTNetwork (0.71.5):
    - RCT-Folly (= 2021.07.22.00)
    - RCTTypeSafety (= 0.71.5)
    - React-Codegen (= 0.71.5)
    - React-Core/RCTNetworkHeaders (= 0.71.5)
    - React-jsi (= 0.71.5)
    - ReactCommon/turbomodule/core (= 0.71.5)
  - React-RCTSettings (0.71.5):
    - RCT-Folly (= 2021.07.22.00)
    - RCTTypeSafety (= 0.71.5)
    - React-Codegen (= 0.71.5)
    - React-Core/RCTSettingsHeaders (= 0.71.5)
    - React-jsi (= 0.71.5)
    - ReactCommon/turbomodule/core (= 0.71.5)
  - React-RCTText (0.71.5):
    - React-Core/RCTTextHeaders (= 0.71.5)
  - React-RCTVibration (0.71.5):
    - RCT-Folly (= 2021.07.22.00)
    - React-Codegen (= 0.71.5)
    - React-Core/RCTVibrationHeaders (= 0.71.5)
    - React-jsi (= 0.71.5)
    - ReactCommon/turbomodule/core (= 0.71.5)
  - React-runtimeexecutor (0.71.5):
    - React-jsi (= 0.71.5)
  - ReactCommon/turbomodule/bridging (0.71.5):
    - DoubleConversion
    - glog
    - hermes-engine
    - RCT-Folly (= 2021.07.22.00)
    - React-callinvoker (= 0.71.5)
    - React-Core (= 0.71.5)
    - React-cxxreact (= 0.71.5)
    - React-jsi (= 0.71.5)
    - React-logger (= 0.71.5)
    - React-perflogger (= 0.71.5)
  - ReactCommon/turbomodule/core (0.71.5):
    - DoubleConversion
    - glog
    - hermes-engine
    - RCT-Folly (= 2021.07.22.00)
    - React-callinvoker (= 0.71.5)
    - React-Core (= 0.71.5)
    - React-cxxreact (= 0.71.5)
    - React-jsi (= 0.71.5)
    - React-logger (= 0.71.5)
    - React-perflogger (= 0.71.5)
  - RNCAsyncStorage (2.2.0):
    - React-Core
  - RNCMaskedView (0.3.2):
    - RCT-Folly (= 2021.07.22.00)
    - React-Core
  - RNFS (2.20.0):
    - React-Core
  - RNGestureHandler (2.9.0):
    - React-Core
  - RNReanimated (2.17.0):
    - DoubleConversion
    - FBLazyVector
    - FBReactNativeSpec
    - glog
    - RCT-Folly
    - RCTRequired
    - RCTTypeSafety
    - React-callinvoker
    - React-Core
    - React-Core/DevSupport
    - React-Core/RCTWebSocket
    - React-CoreModules
    - React-cxxreact
    - React-jsi
    - React-jsiexecutor
    - React-jsinspector
    - React-RCTActionSheet
    - React-RCTAnimation
    - React-RCTBlob
    - React-RCTImage
    - React-RCTLinking
    - React-RCTNetwork
    - React-RCTSettings
    - React-RCTText
    - ReactCommon/turbomodule/core
    - Yoga
  - RNScreens (3.31.1):
    - RCT-Folly (= 2021.07.22.00)
    - React-Core
    - React-RCTImage
  - RNWifi (4.13.6):
    - React-Core
  - SocketRocket (0.6.1)
  - Yoga (1.14.0)
  - YogaKit (1.18.1):
    - Yoga (~> 1.14)

DEPENDENCIES:
  - boost (from `../node_modules/react-native/third-party-podspecs/boost.podspec`)
  - BVLinearGradient (from `../node_modules/react-native-linear-gradient`)
  - DoubleConversion (from `../node_modules/react-native/third-party-podspecs/DoubleConversion.podspec`)
  - FBLazyVector (from `../node_modules/react-native/Libraries/FBLazyVector`)
  - FBReactNativeSpec (from `../node_modules/react-native/React/FBReactNativeSpec`)
  - Flipper (= 0.125.0)
  - Flipper-Boost-iOSX (= 1.76.0.1.11)
  - Flipper-DoubleConversion (= 3.2.0.1)
  - Flipper-Fmt (= 7.1.7)
  - Flipper-Folly (= 2.6.10)
  - Flipper-Glog (= 0.5.0.5)
  - Flipper-PeerTalk (= 0.0.4)
  - Flipper-RSocket (= 1.4.3)
  - FlipperKit (= 0.125.0)
  - FlipperKit/Core (= 0.125.0)
  - FlipperKit/CppBridge (= 0.125.0)
  - FlipperKit/FBCxxFollyDynamicConvert (= 0.125.0)
  - FlipperKit/FBDefines (= 0.125.0)
  - FlipperKit/FKPortForwarding (= 0.125.0)
  - FlipperKit/FlipperKitHighlightOverlay (= 0.125.0)
  - FlipperKit/FlipperKitLayoutPlugin (= 0.125.0)
  - FlipperKit/FlipperKitLayoutTextSearchable (= 0.125.0)
  - FlipperKit/FlipperKitNetworkPlugin (= 0.125.0)
  - FlipperKit/FlipperKitReactPlugin (= 0.125.0)
  - FlipperKit/FlipperKitUserDefaultsPlugin (= 0.125.0)
  - FlipperKit/SKIOSNetworkPlugin (= 0.125.0)
  - glog (from `../node_modules/react-native/third-party-podspecs/glog.podspec`)
  - hermes-engine (from `../node_modules/react-native/sdks/hermes-engine/hermes-engine.podspec`)
  - libevent (~> 2.1.12)
  - OpenSSL-Universal (= 1.1.1100)
  - RCT-Folly (from `../node_modules/react-native/third-party-podspecs/RCT-Folly.podspec`)
  - RCTRequired (from `../node_modules/react-native/Libraries/RCTRequired`)
  - RCTTypeSafety (from `../node_modules/react-native/Libraries/TypeSafety`)
  - React (from `../node_modules/react-native/`)
  - React-callinvoker (from `../node_modules/react-native/ReactCommon/callinvoker`)
  - React-Codegen (from `build/generated/ios`)
  - React-Core (from `../node_modules/react-native/`)
  - React-Core/DevSupport (from `../node_modules/react-native/`)
  - React-Core/RCTWebSocket (from `../node_modules/react-native/`)
  - React-CoreModules (from `../node_modules/react-native/React/CoreModules`)
  - React-cxxreact (from `../node_modules/react-native/ReactCommon/cxxreact`)
  - React-hermes (from `../node_modules/react-native/ReactCommon/hermes`)
  - React-jsi (from `../node_modules/react-native/ReactCommon/jsi`)
  - React-jsiexecutor (from `../node_modules/react-native/ReactCommon/jsiexecutor`)
  - React-jsinspector (from `../node_modules/react-native/ReactCommon/jsinspector`)
  - React-logger (from `../node_modules/react-native/ReactCommon/logger`)
  - "react-native-blur (from `../node_modules/@react-native-community/blur`)"
  - react-native-nfc-manager (from `../node_modules/react-native-nfc-manager`)
  - react-native-safe-area-context (from `../node_modules/react-native-safe-area-context`)
  - "react-native-slider (from `../node_modules/@react-native-community/slider`)"
  - react-native-splash-screen (from `../node_modules/react-native-splash-screen`)
  - react-native-view-shot (from `../node_modules/react-native-view-shot`)
  - React-perflogger (from `../node_modules/react-native/ReactCommon/reactperflogger`)
  - React-RCTActionSheet (from `../node_modules/react-native/Libraries/ActionSheetIOS`)
  - React-RCTAnimation (from `../node_modules/react-native/Libraries/NativeAnimation`)
  - React-RCTAppDelegate (from `../node_modules/react-native/Libraries/AppDelegate`)
  - React-RCTBlob (from `../node_modules/react-native/Libraries/Blob`)
  - React-RCTImage (from `../node_modules/react-native/Libraries/Image`)
  - React-RCTLinking (from `../node_modules/react-native/Libraries/LinkingIOS`)
  - React-RCTNetwork (from `../node_modules/react-native/Libraries/Network`)
  - React-RCTSettings (from `../node_modules/react-native/Libraries/Settings`)
  - React-RCTText (from `../node_modules/react-native/Libraries/Text`)
  - React-RCTVibration (from `../node_modules/react-native/Libraries/Vibration`)
  - React-runtimeexecutor (from `../node_modules/react-native/ReactCommon/runtimeexecutor`)
  - ReactCommon/turbomodule/core (from `../node_modules/react-native/ReactCommon`)
  - "RNCAsyncStorage (from `../node_modules/@react-native-async-storage/async-storage`)"
  - "RNCMaskedView (from `../node_modules/@react-native-masked-view/masked-view`)"
  - RNFS (from `../node_modules/react-native-fs`)
  - RNGestureHandler (from `../node_modules/react-native-gesture-handler`)
  - RNReanimated (from `../node_modules/react-native-reanimated`)
  - RNScreens (from `../node_modules/react-native-screens`)
  - RNWifi (from `../node_modules/react-native-wifi-reborn`)
  - Yoga (from `../node_modules/react-native/ReactCommon/yoga`)

SPEC REPOS:
  trunk:
    - CocoaAsyncSocket
    - Flipper
    - Flipper-Boost-iOSX
    - Flipper-DoubleConversion
    - Flipper-Fmt
    - Flipper-Folly
    - Flipper-Glog
    - Flipper-PeerTalk
    - Flipper-RSocket
    - FlipperKit
    - fmt
    - libevent
    - OpenSSL-Universal
    - SocketRocket
    - YogaKit

EXTERNAL SOURCES:
  boost:
    :podspec: "../node_modules/react-native/third-party-podspecs/boost.podspec"
  BVLinearGradient:
    :path: "../node_modules/react-native-linear-gradient"
  DoubleConversion:
    :podspec: "../node_modules/react-native/third-party-podspecs/DoubleConversion.podspec"
  FBLazyVector:
    :path: "../node_modules/react-native/Libraries/FBLazyVector"
  FBReactNativeSpec:
    :path: "../node_modules/react-native/React/FBReactNativeSpec"
  glog:
    :podspec: "../node_modules/react-native/third-party-podspecs/glog.podspec"
  hermes-engine:
    :podspec: "../node_modules/react-native/sdks/hermes-engine/hermes-engine.podspec"
  RCT-Folly:
    :podspec: "../node_modules/react-native/third-party-podspecs/RCT-Folly.podspec"
  RCTRequired:
    :path: "../node_modules/react-native/Libraries/RCTRequired"
  RCTTypeSafety:
    :path: "../node_modules/react-native/Libraries/TypeSafety"
  React:
    :path: "../node_modules/react-native/"
  React-callinvoker:
    :path: "../node_modules/react-native/ReactCommon/callinvoker"
  React-Codegen:
    :path: build/generated/ios
  React-Core:
    :path: "../node_modules/react-native/"
  React-CoreModules:
    :path: "../node_modules/react-native/React/CoreModules"
  React-cxxreact:
    :path: "../node_modules/react-native/ReactCommon/cxxreact"
  React-hermes:
    :path: "../node_modules/react-native/ReactCommon/hermes"
  React-jsi:
    :path: "../node_modules/react-native/ReactCommon/jsi"
  React-jsiexecutor:
    :path: "../node_modules/react-native/ReactCommon/jsiexecutor"
  React-jsinspector:
    :path: "../node_modules/react-native/ReactCommon/jsinspector"
  React-logger:
    :path: "../node_modules/react-native/ReactCommon/logger"
  react-native-blur:
    :path: "../node_modules/@react-native-community/blur"
  react-native-nfc-manager:
    :path: "../node_modules/react-native-nfc-manager"
  react-native-safe-area-context:
    :path: "../node_modules/react-native-safe-area-context"
  react-native-slider:
    :path: "../node_modules/@react-native-community/slider"
  react-native-splash-screen:
    :path: "../node_modules/react-native-splash-screen"
  react-native-view-shot:
    :path: "../node_modules/react-native-view-shot"
  React-perflogger:
    :path: "../node_modules/react-native/ReactCommon/reactperflogger"
  React-RCTActionSheet:
    :path: "../node_modules/react-native/Libraries/ActionSheetIOS"
  React-RCTAnimation:
    :path: "../node_modules/react-native/Libraries/NativeAnimation"
  React-RCTAppDelegate:
    :path: "../node_modules/react-native/Libraries/AppDelegate"
  React-RCTBlob:
    :path: "../node_modules/react-native/Libraries/Blob"
  React-RCTImage:
    :path: "../node_modules/react-native/Libraries/Image"
  React-RCTLinking:
    :path: "../node_modules/react-native/Libraries/LinkingIOS"
  React-RCTNetwork:
    :path: "../node_modules/react-native/Libraries/Network"
  React-RCTSettings:
    :path: "../node_modules/react-native/Libraries/Settings"
  React-RCTText:
    :path: "../node_modules/react-native/Libraries/Text"
  React-RCTVibration:
    :path: "../node_modules/react-native/Libraries/Vibration"
  React-runtimeexecutor:
    :path: "../node_modules/react-native/ReactCommon/runtimeexecutor"
  ReactCommon:
    :path: "../node_modules/react-native/ReactCommon"
  RNCAsyncStorage:
    :path: "../node_modules/@react-native-async-storage/async-storage"
  RNCMaskedView:
    :path: "../node_modules/@react-native-masked-view/masked-view"
  RNFS:
    :path: "../node_modules/react-native-fs"
  RNGestureHandler:
    :path: "../node_modules/react-native-gesture-handler"
  RNReanimated:
    :path: "../node_modules/react-native-reanimated"
  RNScreens:
    :path: "../node_modules/react-native-screens"
  RNWifi:
    :path: "../node_modules/react-native-wifi-reborn"
  Yoga:
    :path: "../node_modules/react-native/ReactCommon/yoga"

SPEC CHECKSUMS:
  boost: 7dcd2de282d72e344012f7d6564d024930a6a440
  BVLinearGradient: cb006ba232a1f3e4f341bb62c42d1098c284da70
  CocoaAsyncSocket: 065fd1e645c7abab64f7a6a2007a48038fdc6a99
  DoubleConversion: 5189b271737e1565bdce30deb4a08d647e3f5f54
  FBLazyVector: f1897022b53abf1469d6ad692ee2c69f57d967f3
  FBReactNativeSpec: 627fd07f1b9d498c9fa572e76d7f1a6b1ee9a444
  Flipper: 26fc4b7382499f1281eb8cb921e5c3ad6de91fe0
  Flipper-Boost-iOSX: fd1e2b8cbef7e662a122412d7ac5f5bea715403c
  Flipper-DoubleConversion: 2dc99b02f658daf147069aad9dbd29d8feb06d30
  Flipper-Fmt: 60cbdd92fc254826e61d669a5d87ef7015396a9b
  Flipper-Folly: 584845625005ff068a6ebf41f857f468decd26b3
  Flipper-Glog: 70c50ce58ddaf67dc35180db05f191692570f446
  Flipper-PeerTalk: 116d8f857dc6ef55c7a5a75ea3ceaafe878aadc9
  Flipper-RSocket: d9d9ade67cbecf6ac10730304bf5607266dd2541
  FlipperKit: cbdee19bdd4e7f05472a66ce290f1b729ba3cb86
  fmt: ff9d55029c625d3757ed641535fd4a75fedc7ce9
  glog: 04b94705f318337d7ead9e6d17c019bd9b1f6b1b
  hermes-engine: 0784cadad14b011580615c496f77e0ae112eed75
  libevent: 4049cae6c81cdb3654a443be001fb9bdceff7913
  OpenSSL-Universal: ebc357f1e6bc71fa463ccb2fe676756aff50e88c
  RCT-Folly: 8dc08ca5a393b48b1c523ab6220dfdcc0fe000ad
  RCTRequired: bd6045fbd511da5efe6db89eecb21e4e36bd7cbf
  RCTTypeSafety: c06d9f906faa69dd1c88223204c3a24767725fd8
  React: b9ea33557ef1372af247f95d110fbdea114ed3b2
  React-callinvoker: 112f941fcb98722c72736b8e229edcb3c1d84b45
  React-Codegen: fc2880294aa7994547f6a210049752b2f8fb7643
  React-Core: ce86f6deae868979aeb3d16a124b668ed8681d9c
  React-CoreModules: a192f2bc1f0e5d2cd54f62c15939c16e09745734
  React-cxxreact: 69078cf2d79847eca3098caa3fbe1759cab92143
  React-hermes: ed03addabe09a6361165632d05fba7809bcfab16
  React-jsi: 37806e2e77f00dbb259d51ed4fadd497d74381b7
  React-jsiexecutor: 2d3d42949226ea4146b9c07aeb1f2385c2b3fbe6
  React-jsinspector: 14a342151ab810862998dfc99e2720746734e9b3
  React-logger: 630652da97b24d91f0b1e9698afc5ce9860c4f9d
  react-native-blur: 4541c56d40f9e4a980e9c10ff37b205c35d3767b
  react-native-nfc-manager: a280ef94cd4871a471b052f0dc70381cf1223049
  react-native-safe-area-context: 758e894ca5a9bd1868d2a9cfbca7326a2b6bf9dc
  react-native-slider: e420ee1754e28dfdd49163bbc42db39b01e41538
  react-native-splash-screen: 95994222cc95c236bd3cdc59fe45ed5f27969594
  react-native-view-shot: 4e0a5a20cf628afe82f74dc646f2be466a8c832d
  React-perflogger: 883a55a9a899535eaf06d0029108ef9ef22cce92
  React-RCTActionSheet: 1a3b8416688a3d291367be645022886f71d6842a
  React-RCTAnimation: e5560cb72d91ba35151d51e2eb0d467b42763f43
  React-RCTAppDelegate: 5bf12f57d423f475d2fbfd8869ef13627f9bc4cf
  React-RCTBlob: 04f06f5a475c81ac2eae84d9e769c177a4345f8f
  React-RCTImage: 944297be6fcc0bac7cfe1afb7d2f4f346c2592cd
  React-RCTLinking: 0dd37faa7222e8f840edb83cbdd2a68f130ebdf1
  React-RCTNetwork: 481afbec12d5a60aac319593797c590464234fcd
  React-RCTSettings: f308db1e99737d776cce43732b5bd38c973cfa2c
  React-RCTText: 402f609ee727f2dbbf5af8ce1692c64d8c1c17cc
  React-RCTVibration: f0f5ad6417803de42e022d99247a6b1ddaf46c13
  React-runtimeexecutor: 511f4301d85daf85abface9afb8d2df2d49f87d3
  ReactCommon: 419aea94c7109ff1f80c842d9b47d7919469672c
  RNCAsyncStorage: b44e8a4e798c3e1f56bffccd0f591f674fb9198f
  RNCMaskedView: d261a7d0cc486eed758aad47afc406eff06a5b3c
  RNFS: 89de7d7f4c0f6bafa05343c578f61118c8282ed8
  RNGestureHandler: 5fe9e4f847b51d8cc9006cec6c7dc6718dd82809
  RNReanimated: f9f8945aad05d259324869fb79ce30b75c6062da
  RNScreens: 448026fcd1beb88770b0a67a871a3d1bf9cdde0a
  RNWifi: 6669d0fe0f82592d64383d0d4ac1ff888d15f8bc
  SocketRocket: f32cd54efbe0f095c4d7594881e52619cfe80b17
  Yoga: cd7d7f509dbfac14ee7f31a6c750acb957cd5022
  YogaKit: f782866e155069a2cca2517aafea43200b01fd5a

PODFILE CHECKSUM: bb67ab73c1a8533282debc18df02acaaa0d4ae9a

COCOAPODS: 1.16.2
